
Microsoft Visual Studio Solution File, Format Version 12.00
# Visual Studio Version 16
VisualStudioVersion = 16.0.31410.357
MinimumVisualStudioVersion = 10.0.40219.1
Project("{FAE04EC0-301F-11D3-BF4B-00C04F79EFBC}") = "Binary Tree", "Binary Tree\Binary Tree.csproj", "{751DFA93-9EF5-4306-AE9B-0C753730385D}"
EndProject
Global
	GlobalSection(SolutionConfigurationPlatforms) = preSolution
		Debug|Any CPU = Debug|Any CPU
		Release|Any CPU = Release|Any CPU
	EndGlobalSection
	GlobalSection(ProjectConfigurationPlatforms) = postSolution
		{751DFA93-9EF5-4306-AE9B-0C753730385D}.Debug|Any CPU.ActiveCfg = Debug|Any CPU
		{751DFA93-9EF5-4306-AE9B-0C753730385D}.Debug|Any CPU.Build.0 = Debug|Any CPU
		{751DFA93-9EF5-4306-AE9B-0C753730385D}.Release|Any CPU.ActiveCfg = Release|Any CPU
		{751DFA93-9EF5-4306-AE9B-0C753730385D}.Release|Any CPU.Build.0 = Release|Any CPU
	EndGlobalSection
	GlobalSection(SolutionProperties) = preSolution
		HideSolutionNode = FALSE
	EndGlobalSection
	GlobalSection(ExtensibilityGlobals) = postSolution
		SolutionGuid = {4BDC0DB0-FA07-4704-84FF-8E3BDE0A08C8}
	EndGlobalSection
EndGlobal
